
Microsoft Visual Studio Solution File, Format Version 12.00
# Visual Studio Version 17
VisualStudioVersion = 17.5.33530.505
MinimumVisualStudioVersion = 10.0.40219.1
Project("{FAE04EC0-301F-11D3-BF4B-00C04F79EFBC}") = "WpfApp6", "WpfApp6.csproj", "{A28F711C-DB4A-4056-89CA-768C1DF152DE}"
EndProject
Global
	GlobalSection(SolutionConfigurationPlatforms) = preSolution
		Debug|Any CPU = Debug|Any CPU
		Release|Any CPU = Release|Any CPU
	EndGlobalSection
	GlobalSection(ProjectConfigurationPlatforms) = postSolution
		{A28F711C-DB4A-4056-89CA-768C1DF152DE}.Debug|Any CPU.ActiveCfg = Debug|Any CPU
		{A28F711C-DB4A-4056-89CA-768C1DF152DE}.Debug|Any CPU.Build.0 = Debug|Any CPU
		{A28F711C-DB4A-4056-89CA-768C1DF152DE}.Release|Any CPU.ActiveCfg = Release|Any CPU
		{A28F711C-DB4A-4056-89CA-768C1DF152DE}.Release|Any CPU.Build.0 = Release|Any CPU
	EndGlobalSection
	GlobalSection(SolutionProperties) = preSolution
		HideSolutionNode = FALSE
	EndGlobalSection
	GlobalSection(ExtensibilityGlobals) = postSolution
		SolutionGuid = {3A0659BD-8326-428B-907A-DBFAF242DF58}
	EndGlobalSection
EndGlobal
